
Microsoft Visual Studio Solution File, Format Version 11.00
# Visual Studio 2010
Project("{F184B08F-C81C-45F6-A57F-5ABD9991F28F}") = "IntraSell_Net", "..\IntraSell_Net\IntraSell_Net.vbproj", "{110E199B-E42C-4A66-A98A-A9473E6FDA30}"
EndProject
Project("{F184B08F-C81C-45F6-A57F-5ABD9991F28F}") = "IntraSell_DLL", "..\IntraSell_DLL\IntraSell_DLL.vbproj", "{F7AB991F-D9E4-4285-897B-B95109C5D6DF}"
EndProject
Project("{F184B08F-C81C-45F6-A57F-5ABD9991F28F}") = "IntraSell_Net_UnitTests", "..\IntraSell_Net_UnitTests\IntraSell_Net_UnitTests.vbproj", "{C9A4989B-7030-4FC0-ADCD-5B9F80E217E0}"
EndProject
Global
	GlobalSection(SolutionConfigurationPlatforms) = preSolution
		Debug|Any CPU = Debug|Any CPU
		Debug|Mixed Platforms = Debug|Mixed Platforms
		Debug|x86 = Debug|x86
		Release|Any CPU = Release|Any CPU
		Release|Mixed Platforms = Release|Mixed Platforms
		Release|x86 = Release|x86
	EndGlobalSection
	GlobalSection(ProjectConfigurationPlatforms) = postSolution
		{110E199B-E42C-4A66-A98A-A9473E6FDA30}.Debug|Any CPU.ActiveCfg = Debug|x86
		{110E199B-E42C-4A66-A98A-A9473E6FDA30}.Debug|Any CPU.Build.0 = Debug|x86
		{110E199B-E42C-4A66-A98A-A9473E6FDA30}.Debug|Mixed Platforms.ActiveCfg = Debug|x86
		{110E199B-E42C-4A66-A98A-A9473E6FDA30}.Debug|Mixed Platforms.Build.0 = Debug|x86
		{110E199B-E42C-4A66-A98A-A9473E6FDA30}.Debug|x86.ActiveCfg = Debug|x86
		{110E199B-E42C-4A66-A98A-A9473E6FDA30}.Debug|x86.Build.0 = Debug|x86
		{110E199B-E42C-4A66-A98A-A9473E6FDA30}.Release|Any CPU.ActiveCfg = Release|x86
		{110E199B-E42C-4A66-A98A-A9473E6FDA30}.Release|Mixed Platforms.ActiveCfg = Release|x86
		{110E199B-E42C-4A66-A98A-A9473E6FDA30}.Release|Mixed Platforms.Build.0 = Release|x86
		{110E199B-E42C-4A66-A98A-A9473E6FDA30}.Release|x86.ActiveCfg = Release|x86
		{110E199B-E42C-4A66-A98A-A9473E6FDA30}.Release|x86.Build.0 = Release|x86
		{F7AB991F-D9E4-4285-897B-B95109C5D6DF}.Debug|Any CPU.ActiveCfg = Debug|Any CPU
		{F7AB991F-D9E4-4285-897B-B95109C5D6DF}.Debug|Any CPU.Build.0 = Debug|Any CPU
		{F7AB991F-D9E4-4285-897B-B95109C5D6DF}.Debug|Mixed Platforms.ActiveCfg = Debug|Any CPU
		{F7AB991F-D9E4-4285-897B-B95109C5D6DF}.Debug|Mixed Platforms.Build.0 = Debug|Any CPU
		{F7AB991F-D9E4-4285-897B-B95109C5D6DF}.Debug|x86.ActiveCfg = Debug|Any CPU
		{F7AB991F-D9E4-4285-897B-B95109C5D6DF}.Release|Any CPU.ActiveCfg = Release|Any CPU
		{F7AB991F-D9E4-4285-897B-B95109C5D6DF}.Release|Any CPU.Build.0 = Release|Any CPU
		{F7AB991F-D9E4-4285-897B-B95109C5D6DF}.Release|Mixed Platforms.ActiveCfg = Release|Any CPU
		{F7AB991F-D9E4-4285-897B-B95109C5D6DF}.Release|Mixed Platforms.Build.0 = Release|Any CPU
		{F7AB991F-D9E4-4285-897B-B95109C5D6DF}.Release|x86.ActiveCfg = Release|Any CPU
		{C9A4989B-7030-4FC0-ADCD-5B9F80E217E0}.Debug|Any CPU.ActiveCfg = Debug|Any CPU
		{C9A4989B-7030-4FC0-ADCD-5B9F80E217E0}.Debug|Any CPU.Build.0 = Debug|Any CPU
		{C9A4989B-7030-4FC0-ADCD-5B9F80E217E0}.Debug|Mixed Platforms.ActiveCfg = Debug|Any CPU
		{C9A4989B-7030-4FC0-ADCD-5B9F80E217E0}.Debug|Mixed Platforms.Build.0 = Debug|Any CPU
		{C9A4989B-7030-4FC0-ADCD-5B9F80E217E0}.Debug|x86.ActiveCfg = Debug|Any CPU
		{C9A4989B-7030-4FC0-ADCD-5B9F80E217E0}.Release|Any CPU.ActiveCfg = Release|Any CPU
		{C9A4989B-7030-4FC0-ADCD-5B9F80E217E0}.Release|Any CPU.Build.0 = Release|Any CPU
		{C9A4989B-7030-4FC0-ADCD-5B9F80E217E0}.Release|Mixed Platforms.ActiveCfg = Release|Any CPU
		{C9A4989B-7030-4FC0-ADCD-5B9F80E217E0}.Release|Mixed Platforms.Build.0 = Release|Any CPU
		{C9A4989B-7030-4FC0-ADCD-5B9F80E217E0}.Release|x86.ActiveCfg = Release|Any CPU
	EndGlobalSection
	GlobalSection(SolutionProperties) = preSolution
		HideSolutionNode = FALSE
	EndGlobalSection
EndGlobal
