
Microsoft Visual Studio Solution File, Format Version 11.00
# Visual Studio 2010
Project("{FAE04EC0-301F-11D3-BF4B-00C04F79EFBC}") = "WebShop_WS", "WebShop_WS.csproj", "{955DD008-BF85-4CE7-B172-EDD38FFCBC09}"
EndProject
Global
	GlobalSection(SolutionConfigurationPlatforms) = preSolution
		Debug|Any CPU = Debug|Any CPU
		Release|Any CPU = Release|Any CPU
	EndGlobalSection
	GlobalSection(ProjectConfigurationPlatforms) = postSolution
		{955DD008-BF85-4CE7-B172-EDD38FFCBC09}.Debug|Any CPU.ActiveCfg = Debug|Any CPU
		{955DD008-BF85-4CE7-B172-EDD38FFCBC09}.Debug|Any CPU.Build.0 = Debug|Any CPU
		{955DD008-BF85-4CE7-B172-EDD38FFCBC09}.Release|Any CPU.ActiveCfg = Release|Any CPU
		{955DD008-BF85-4CE7-B172-EDD38FFCBC09}.Release|Any CPU.Build.0 = Release|Any CPU
	EndGlobalSection
	GlobalSection(SolutionProperties) = preSolution
		HideSolutionNode = FALSE
	EndGlobalSection
EndGlobal
