Microsoft Visual Studio Solution File, Format Version 11.00
# Visual Studio 2010
Project("{F184B08F-C81C-45F6-A57F-5ABD9991F28F}") = "XML2Word", "XML2Word.vbproj", "{B2186A7A-FECC-443A-827A-4D16582E7C9C}"
EndProject
Project("{F184B08F-C81C-45F6-A57F-5ABD9991F28F}") = "XML2WordCMD", "..\XML2WordCMD\XML2WordCMD.vbproj", "{5BF3C44C-7C29-4BAD-8CB1-9EAE23F40DC1}"
	ProjectSection(ProjectDependencies) = postProject
		{B2186A7A-FECC-443A-827A-4D16582E7C9C} = {B2186A7A-FECC-443A-827A-4D16582E7C9C}
	EndProjectSection
EndProject
Project("{2150E333-8FDC-42A3-9474-1A3956D46DE8}") = "Solution Items", "Solution Items", "{0DE53624-DE63-410F-9953-D35D7F17DDA6}"
	ProjectSection(SolutionItems) = preProject
		Local.testsettings = Local.testsettings
		TraceAndTestImpact.testsettings = TraceAndTestImpact.testsettings
		XML2Word.vsmdi = XML2Word.vsmdi
	EndProjectSection
EndProject
Project("{F184B08F-C81C-45F6-A57F-5ABD9991F28F}") = "XML2WordTestProject", "..\XML2WordTestProject\XML2WordTestProject.vbproj", "{FAC79750-448F-47D1-B997-BD5CF7FC489E}"
EndProject
Global
	GlobalSection(TestCaseManagementSettings) = postSolution
		CategoryFile = XML2Word.vsmdi
	EndGlobalSection
	GlobalSection(SolutionConfigurationPlatforms) = preSolution
		Debug|Any CPU = Debug|Any CPU
		Release|Any CPU = Release|Any CPU
	EndGlobalSection
	GlobalSection(ProjectConfigurationPlatforms) = postSolution
		{B2186A7A-FECC-443A-827A-4D16582E7C9C}.Debug|Any CPU.ActiveCfg = Debug|Any CPU
		{B2186A7A-FECC-443A-827A-4D16582E7C9C}.Debug|Any CPU.Build.0 = Debug|Any CPU
		{B2186A7A-FECC-443A-827A-4D16582E7C9C}.Release|Any CPU.ActiveCfg = Release|Any CPU
		{B2186A7A-FECC-443A-827A-4D16582E7C9C}.Release|Any CPU.Build.0 = Release|Any CPU
		{5BF3C44C-7C29-4BAD-8CB1-9EAE23F40DC1}.Debug|Any CPU.ActiveCfg = Debug|Any CPU
		{5BF3C44C-7C29-4BAD-8CB1-9EAE23F40DC1}.Debug|Any CPU.Build.0 = Debug|Any CPU
		{5BF3C44C-7C29-4BAD-8CB1-9EAE23F40DC1}.Release|Any CPU.ActiveCfg = Release|Any CPU
		{5BF3C44C-7C29-4BAD-8CB1-9EAE23F40DC1}.Release|Any CPU.Build.0 = Release|Any CPU
		{FAC79750-448F-47D1-B997-BD5CF7FC489E}.Debug|Any CPU.ActiveCfg = Debug|Any CPU
		{FAC79750-448F-47D1-B997-BD5CF7FC489E}.Debug|Any CPU.Build.0 = Debug|Any CPU
		{FAC79750-448F-47D1-B997-BD5CF7FC489E}.Release|Any CPU.ActiveCfg = Release|Any CPU
		{FAC79750-448F-47D1-B997-BD5CF7FC489E}.Release|Any CPU.Build.0 = Release|Any CPU
	EndGlobalSection
	GlobalSection(SolutionProperties) = preSolution
		HideSolutionNode = FALSE
	EndGlobalSection
EndGlobal
