Microsoft Visual Studio Solution File, Format Version 10.00
# Visual Studio 2008
Project("{F184B08F-C81C-45F6-A57F-5ABD9991F28F}") = "XML2Word", "XML2Word.vbproj", "{B2186A7A-FECC-443A-827A-4D16582E7C9C}"
EndProject
Project("{F184B08F-C81C-45F6-A57F-5ABD9991F28F}") = "XML2WordCMD", "..\XML2WordCMD\XML2WordCMD.vbproj", "{5BF3C44C-7C29-4BAD-8CB1-9EAE23F40DC1}"
EndProject
Global
	GlobalSection(SolutionConfigurationPlatforms) = preSolution
		Debug|Any CPU = Debug|Any CPU
		Release|Any CPU = Release|Any CPU
	EndGlobalSection
	GlobalSection(ProjectConfigurationPlatforms) = postSolution
		{B2186A7A-FECC-443A-827A-4D16582E7C9C}.Debug|Any CPU.ActiveCfg = Debug|Any CPU
		{B2186A7A-FECC-443A-827A-4D16582E7C9C}.Debug|Any CPU.Build.0 = Debug|Any CPU
		{B2186A7A-FECC-443A-827A-4D16582E7C9C}.Release|Any CPU.ActiveCfg = Release|Any CPU
		{B2186A7A-FECC-443A-827A-4D16582E7C9C}.Release|Any CPU.Build.0 = Release|Any CPU
		{5BF3C44C-7C29-4BAD-8CB1-9EAE23F40DC1}.Debug|Any CPU.ActiveCfg = Debug|Any CPU
		{5BF3C44C-7C29-4BAD-8CB1-9EAE23F40DC1}.Debug|Any CPU.Build.0 = Debug|Any CPU
		{5BF3C44C-7C29-4BAD-8CB1-9EAE23F40DC1}.Release|Any CPU.ActiveCfg = Release|Any CPU
		{5BF3C44C-7C29-4BAD-8CB1-9EAE23F40DC1}.Release|Any CPU.Build.0 = Release|Any CPU
	EndGlobalSection
	GlobalSection(SolutionProperties) = preSolution
		HideSolutionNode = FALSE
	EndGlobalSection
EndGlobal
